
Microsoft Visual Studio Solution File, Format Version 12.00
# Visual Studio Version 16
VisualStudioVersion = 16.0.31829.152
MinimumVisualStudioVersion = 10.0.40219.1
Project("{FAE04EC0-301F-11D3-BF4B-00C04F79EFBC}") = "tea_collection_system", "tea_collection_system.csproj", "{F59DB182-DD31-42B8-934D-F5B1F17632AD}"
EndProject
Global
	GlobalSection(SolutionConfigurationPlatforms) = preSolution
		Debug|Any CPU = Debug|Any CPU
		Release|Any CPU = Release|Any CPU
	EndGlobalSection
	GlobalSection(ProjectConfigurationPlatforms) = postSolution
		{F59DB182-DD31-42B8-934D-F5B1F17632AD}.Debug|Any CPU.ActiveCfg = Debug|Any CPU
		{F59DB182-DD31-42B8-934D-F5B1F17632AD}.Debug|Any CPU.Build.0 = Debug|Any CPU
		{F59DB182-DD31-42B8-934D-F5B1F17632AD}.Release|Any CPU.ActiveCfg = Release|Any CPU
		{F59DB182-DD31-42B8-934D-F5B1F17632AD}.Release|Any CPU.Build.0 = Release|Any CPU
	EndGlobalSection
	GlobalSection(SolutionProperties) = preSolution
		HideSolutionNode = FALSE
	EndGlobalSection
	GlobalSection(ExtensibilityGlobals) = postSolution
		SolutionGuid = {ED83D24A-1719-4C61-998C-8B4400E47016}
	EndGlobalSection
EndGlobal
